
Microsoft Visual Studio Solution File, Format Version 12.00
# Visual Studio 15
Project("{FAE04EC0-301F-11D3-BF4B-00C04F79EFBC}") = "WeatherForeCasting", "WeatherForeCasting\WeatherForeCasting.csproj", "{E405483A-5F26-4783-93A5-35DC4474CAB5}"
EndProject
Global
	GlobalSection(SolutionConfigurationPlatforms) = preSolution
		Debug|iPhoneSimulator = Debug|iPhoneSimulator
		Release|iPhoneSimulator = Release|iPhoneSimulator
		Debug|iPhone = Debug|iPhone
		Release|iPhone = Release|iPhone
	EndGlobalSection
	GlobalSection(ProjectConfigurationPlatforms) = postSolution
		{E405483A-5F26-4783-93A5-35DC4474CAB5}.Debug|iPhoneSimulator.ActiveCfg = Debug|iPhoneSimulator
		{E405483A-5F26-4783-93A5-35DC4474CAB5}.Debug|iPhoneSimulator.Build.0 = Debug|iPhoneSimulator
		{E405483A-5F26-4783-93A5-35DC4474CAB5}.Release|iPhoneSimulator.ActiveCfg = Release|iPhoneSimulator
		{E405483A-5F26-4783-93A5-35DC4474CAB5}.Release|iPhoneSimulator.Build.0 = Release|iPhoneSimulator
		{E405483A-5F26-4783-93A5-35DC4474CAB5}.Debug|iPhone.ActiveCfg = Debug|iPhone
		{E405483A-5F26-4783-93A5-35DC4474CAB5}.Debug|iPhone.Build.0 = Debug|iPhone
		{E405483A-5F26-4783-93A5-35DC4474CAB5}.Release|iPhone.ActiveCfg = Release|iPhone
		{E405483A-5F26-4783-93A5-35DC4474CAB5}.Release|iPhone.Build.0 = Release|iPhone
	EndGlobalSection
EndGlobal
